
Microsoft Visual Studio Solution File, Format Version 12.00
# Visual Studio Version 16
VisualStudioVersion = 16.0.31624.102
MinimumVisualStudioVersion = 10.0.40219.1
Project("{9A19103F-16F7-4668-BE54-9A1E7A4F7556}") = "Midterm_Project_ASP_MVC", "Midterm_Project_ASP_MVC.csproj", "{0754277C-34E8-4136-B14A-01F36C60545C}"
EndProject
Global
	GlobalSection(SolutionConfigurationPlatforms) = preSolution
		Debug|Any CPU = Debug|Any CPU
		Release|Any CPU = Release|Any CPU
	EndGlobalSection
	GlobalSection(ProjectConfigurationPlatforms) = postSolution
		{0754277C-34E8-4136-B14A-01F36C60545C}.Debug|Any CPU.ActiveCfg = Debug|Any CPU
		{0754277C-34E8-4136-B14A-01F36C60545C}.Debug|Any CPU.Build.0 = Debug|Any CPU
		{0754277C-34E8-4136-B14A-01F36C60545C}.Release|Any CPU.ActiveCfg = Release|Any CPU
		{0754277C-34E8-4136-B14A-01F36C60545C}.Release|Any CPU.Build.0 = Release|Any CPU
	EndGlobalSection
	GlobalSection(SolutionProperties) = preSolution
		HideSolutionNode = FALSE
	EndGlobalSection
	GlobalSection(ExtensibilityGlobals) = postSolution
		SolutionGuid = {92208E9A-B89A-4C27-BA58-BCDF5F8D4748}
	EndGlobalSection
EndGlobal
